Microsoft Visual Studio Solution File, Format Version 12.00
# Visual Studio Version 17
VisualStudioVersion = 17.5.2.0
MinimumVisualStudioVersion = 10.0.40219.1
Project("{FAE04EC0-301F-11D3-BF4B-00C04F79EFBC}") = "AIHub", "AIHub\AIHub.csproj", "{6636F0EB-5D67-0D48-1365-F318B12E542F}"
EndProject
Global
	GlobalSection(SolutionConfigurationPlatforms) = preSolution
		Debug|Any CPU = Debug|Any CPU
		Release|Any CPU = Release|Any CPU
	EndGlobalSection
	GlobalSection(ProjectConfigurationPlatforms) = postSolution
		{6636F0EB-5D67-0D48-1365-F318B12E542F}.Debug|Any CPU.ActiveCfg = Debug|Any CPU
		{6636F0EB-5D67-0D48-1365-F318B12E542F}.Debug|Any CPU.Build.0 = Debug|Any CPU
		{6636F0EB-5D67-0D48-1365-F318B12E542F}.Release|Any CPU.ActiveCfg = Release|Any CPU
		{6636F0EB-5D67-0D48-1365-F318B12E542F}.Release|Any CPU.Build.0 = Release|Any CPU
	EndGlobalSection
	GlobalSection(SolutionProperties) = preSolution
		HideSolutionNode = FALSE
	EndGlobalSection
	GlobalSection(ExtensibilityGlobals) = postSolution
		SolutionGuid = {E08EB020-E8E1-4F50-828B-15EFE206E1B7}
	EndGlobalSection
EndGlobal
